
Microsoft Visual Studio Solution File, Format Version 12.00
# Visual Studio Version 17
VisualStudioVersion = 17.7.34202.233
MinimumVisualStudioVersion = 10.0.40219.1
Project("{C9674DCB-5085-4A16-B785-4C70DD1589BD}") = "FinalProject_2023CQ_BI_06", "FinalProject_2023CQ_BI_06\FinalProject_2023CQ_BI_06.dtproj", "{041CEC05-F46A-4F51-BE38-921883CD0B42}"
EndProject
Global
	GlobalSection(SolutionConfigurationPlatforms) = preSolution
		Development|Default = Development|Default
	EndGlobalSection
	GlobalSection(ProjectConfigurationPlatforms) = postSolution
		{041CEC05-F46A-4F51-BE38-921883CD0B42}.Development|Default.ActiveCfg = Development
		{041CEC05-F46A-4F51-BE38-921883CD0B42}.Development|Default.Build.0 = Development
	EndGlobalSection
	GlobalSection(SolutionProperties) = preSolution
		HideSolutionNode = FALSE
	EndGlobalSection
	GlobalSection(ExtensibilityGlobals) = postSolution
		SolutionGuid = {E4F6BDED-D607-401F-AF81-7AEE1FDD7C13}
	EndGlobalSection
EndGlobal
